
Microsoft Visual Studio Solution File, Format Version 12.00
# Visual Studio Version 16
VisualStudioVersion = 16.0.30523.141
MinimumVisualStudioVersion = 10.0.40219.1
Project("{FAE04EC0-301F-11D3-BF4B-00C04F79EFBC}") = "Spotter", "Spotter.csproj", "{D45C5A58-0AFE-4D22-83F4-3624DA1B777F}"
EndProject
Project("{9A19103F-16F7-4668-BE54-9A1E7A4F7556}") = "SpotterClasses", "..\SpotterClasses\SpotterClasses.csproj", "{6D5B259E-D137-4D8D-891C-8AE9324F249C}"
EndProject
Global
	GlobalSection(SolutionConfigurationPlatforms) = preSolution
		Debug|Any CPU = Debug|Any CPU
		Release|Any CPU = Release|Any CPU
	EndGlobalSection
	GlobalSection(ProjectConfigurationPlatforms) = postSolution
		{D45C5A58-0AFE-4D22-83F4-3624DA1B777F}.Debug|Any CPU.ActiveCfg = Debug|Any CPU
		{D45C5A58-0AFE-4D22-83F4-3624DA1B777F}.Debug|Any CPU.Build.0 = Debug|Any CPU
		{D45C5A58-0AFE-4D22-83F4-3624DA1B777F}.Release|Any CPU.ActiveCfg = Release|Any CPU
		{D45C5A58-0AFE-4D22-83F4-3624DA1B777F}.Release|Any CPU.Build.0 = Release|Any CPU
		{6D5B259E-D137-4D8D-891C-8AE9324F249C}.Debug|Any CPU.ActiveCfg = Debug|Any CPU
		{6D5B259E-D137-4D8D-891C-8AE9324F249C}.Debug|Any CPU.Build.0 = Debug|Any CPU
		{6D5B259E-D137-4D8D-891C-8AE9324F249C}.Release|Any CPU.ActiveCfg = Release|Any CPU
		{6D5B259E-D137-4D8D-891C-8AE9324F249C}.Release|Any CPU.Build.0 = Release|Any CPU
	EndGlobalSection
	GlobalSection(SolutionProperties) = preSolution
		HideSolutionNode = FALSE
	EndGlobalSection
	GlobalSection(ExtensibilityGlobals) = postSolution
		SolutionGuid = {2B4DA08B-C586-46D9-A6AD-ADF465508B1A}
	EndGlobalSection
EndGlobal
